{
  "name": "kanban-board-webapp",
  "version": "0.1.0",
  "lockfileVersion": 2,
  "requires": true,
  "packages": {
    "": {
      "name": "kanban-board-webapp",
      "version": "0.1.0",
      "workspaces": [
        "apps/frontend/web",
        "packages/*"
      ]
    },
    "node_modules/@kanban/types": {
      "resolved": "packages/types",
      "link": true
    },
    "packages/types": {
      "name": "@kanban/types",
      "version": "0.1.0",
      "devDependencies": {}
    }
  },
  "dependencies": {
    "@kanban/types": {
      "version": "file:packages/types"
    }
  }
}
